
Microsoft Visual Studio Solution File, Format Version 12.00
# Visual Studio Version 17
VisualStudioVersion = 17.5.002.0
MinimumVisualStudioVersion = 10.0.40219.1
Project("{9A19103F-16F7-4668-BE54-9A1E7A4F7556}") = "C#_BootCamp_Dio", "C#_BootCamp_Dio.csproj", "{B3E19347-53B4-4E2C-BCFE-F51DB0EEC416}"
EndProject
Global
	GlobalSection(SolutionConfigurationPlatforms) = preSolution
		Debug|Any CPU = Debug|Any CPU
		Release|Any CPU = Release|Any CPU
	EndGlobalSection
	GlobalSection(ProjectConfigurationPlatforms) = postSolution
		{B3E19347-53B4-4E2C-BCFE-F51DB0EEC416}.Debug|Any CPU.ActiveCfg = Debug|Any CPU
		{B3E19347-53B4-4E2C-BCFE-F51DB0EEC416}.Debug|Any CPU.Build.0 = Debug|Any CPU
		{B3E19347-53B4-4E2C-BCFE-F51DB0EEC416}.Release|Any CPU.ActiveCfg = Release|Any CPU
		{B3E19347-53B4-4E2C-BCFE-F51DB0EEC416}.Release|Any CPU.Build.0 = Release|Any CPU
	EndGlobalSection
	GlobalSection(SolutionProperties) = preSolution
		HideSolutionNode = FALSE
	EndGlobalSection
	GlobalSection(ExtensibilityGlobals) = postSolution
		SolutionGuid = {E46EE374-7AE4-4DB0-A540-885661566CD1}
	EndGlobalSection
EndGlobal
